// !$*UTF8*$!
{
	archiveVersion = 1;
	classes = {
	};
	objectVersion = 46;
	objects = {

/* Begin PBXBuildFile section */
		230FD20319EE3FAD0091BE83 /* UIView+ERBUtils.m in Sources */ = {isa = PBXBuildFile; fileRef = 230FD20219EE3FAD0091BE83 /* UIView+ERBUtils.m */; };
		233F29CE19EE35F400FDD174 /* main.m in Sources */ = {isa = PBXBuildFile; fileRef = 233F29CD19EE35F400FDD174 /* main.m */; };
		233F29E819EE35F400FDD174 /* iOS8_Rendering_BugTests.m in Sources */ = {isa = PBXBuildFile; fileRef = 233F29E719EE35F400FDD174 /* iOS8_Rendering_BugTests.m */; };
		233F29FE19EE361900FDD174 /* ERBAppDelegate.m in Sources */ = {isa = PBXBuildFile; fileRef = 233F29F419EE361900FDD174 /* ERBAppDelegate.m */; };
		233F29FF19EE361900FDD174 /* ERBViewController.m in Sources */ = {isa = PBXBuildFile; fileRef = 233F29F719EE361900FDD174 /* ERBViewController.m */; };
		233F2A0119EE361900FDD174 /* Main.storyboard in Resources */ = {isa = PBXBuildFile; fileRef = 233F29FB19EE361900FDD174 /* Main.storyboard */; };
		233F2A0219EE361900FDD174 /* Images.xcassets in Resources */ = {isa = PBXBuildFile; fileRef = 233F29FD19EE361900FDD174 /* Images.xcassets */; };
		233F2A0519EE36BB00FDD174 /* ERBNavigationController.m in Sources */ = {isa = PBXBuildFile; fileRef = 233F2A0419EE36BB00FDD174 /* ERBNavigationController.m */; };
/* End PBXBuildFile section */

/* Begin PBXContainerItemProxy section */
		233F29E219EE35F400FDD174 /* PBXContainerItemProxy */ = {
			isa = PBXContainerItemProxy;
			containerPortal = 233F29C019EE35F400FDD174 /* Project object */;
			proxyType = 1;
			remoteGlobalIDString = 233F29C719EE35F400FDD174;
			remoteInfo = "iOS8-Rendering-Bug";
		};
/* End PBXContainerItemProxy section */

/* Begin PBXFileReference section */
		230FD20119EE3FAD0091BE83 /* UIView+ERBUtils.h */ = {isa = PBXFileReference; fileEncoding = 4; lastKnownFileType = sourcecode.c.h; path = "UIView+ERBUtils.h"; sourceTree = "<group>"; };
		230FD20219EE3FAD0091BE83 /* UIView+ERBUtils.m */ = {isa = PBXFileReference; fileEncoding = 4; lastKnownFileType = sourcecode.c.objc; path = "UIView+ERBUtils.m"; sourceTree = "<group>"; };
		233F29C819EE35F400FDD174 /* iOS8-Rendering-Bug.app */ = {isa = PBXFileReference; explicitFileType = wrapper.application; includeInIndex = 0; path = "iOS8-Rendering-Bug.app"; sourceTree = BUILT_PRODUCTS_DIR; };
		233F29CC19EE35F400FDD174 /* Info.plist */ = {isa = PBXFileReference; lastKnownFileType = text.plist.xml; path = Info.plist; sourceTree = "<group>"; };
		233F29CD19EE35F400FDD174 /* main.m */ = {isa = PBXFileReference; lastKnownFileType = sourcecode.c.objc; path = main.m; sourceTree = "<group>"; };
		233F29E119EE35F400FDD174 /* iOS8-Rendering-BugTests.xctest */ = {isa = PBXFileReference; explicitFileType = wrapper.cfbundle; includeInIndex = 0; path = "iOS8-Rendering-BugTests.xctest"; sourceTree = BUILT_PRODUCTS_DIR; };
		233F29E619EE35F400FDD174 /* Info.plist */ = {isa = PBXFileReference; lastKnownFileType = text.plist.xml; path = Info.plist; sourceTree = "<group>"; };
		233F29E719EE35F400FDD174 /* iOS8_Rendering_BugTests.m */ = {isa = PBXFileReference; lastKnownFileType = sourcecode.c.objc; path = iOS8_Rendering_BugTests.m; sourceTree = "<group>"; };
		233F29F319EE361900FDD174 /* ERBAppDelegate.h */ = {isa = PBXFileReference; fileEncoding = 4; lastKnownFileType = sourcecode.c.h; path = ERBAppDelegate.h; sourceTree = "<group>"; };
		233F29F419EE361900FDD174 /* ERBAppDelegate.m */ = {isa = PBXFileReference; fileEncoding = 4; lastKnownFileType = sourcecode.c.objc; path = ERBAppDelegate.m; sourceTree = "<group>"; };
		233F29F619EE361900FDD174 /* ERBViewController.h */ = {isa = PBXFileReference; fileEncoding = 4; lastKnownFileType = sourcecode.c.h; path = ERBViewController.h; sourceTree = "<group>"; };
		233F29F719EE361900FDD174 /* ERBViewController.m */ = {isa = PBXFileReference; fileEncoding = 4; lastKnownFileType = sourcecode.c.objc; path = ERBViewController.m; sourceTree = "<group>"; };
		233F29FC19EE361900FDD174 /* Base */ = {isa = PBXFileReference; lastKnownFileType = file.storyboard; name = Base; path = Base.lproj/Main.storyboard; sourceTree = "<group>"; };
		233F29FD19EE361900FDD174 /* Images.xcassets */ = {isa = PBXFileReference; lastKnownFileType = folder.assetcatalog; path = Images.xcassets; sourceTree = "<group>"; };
		233F2A0319EE36BB00FDD174 /* ERBNavigationController.h */ = {isa = PBXFileReference; fileEncoding = 4; lastKnownFileType = sourcecode.c.h; path = ERBNavigationController.h; sourceTree = "<group>"; };
		233F2A0419EE36BB00FDD174 /* ERBNavigationController.m */ = {isa = PBXFileReference; fileEncoding = 4; lastKnownFileType = sourcecode.c.objc; path = ERBNavigationController.m; sourceTree = "<group>"; };
/* End PBXFileReference section */

/* Begin PBXFrameworksBuildPhase section */
		233F29C519EE35F400FDD174 /* Frameworks */ = {
			isa = PBXFrameworksBuildPhase;
			buildActionMask = 2147483647;
			files = (
			);
			runOnlyForDeploymentPostprocessing = 0;
		};
		233F29DE19EE35F400FDD174 /* Frameworks */ = {
			isa = PBXFrameworksBuildPhase;
			buildActionMask = 2147483647;
			files = (
			);
			runOnlyForDeploymentPostprocessing = 0;
		};
/* End PBXFrameworksBuildPhase section */

/* Begin PBXGroup section */
		230FD20019EE3FAD0091BE83 /* ClassCategories */ = {
			isa = PBXGroup;
			children = (
				230FD20119EE3FAD0091BE83 /* UIView+ERBUtils.h */,
				230FD20219EE3FAD0091BE83 /* UIView+ERBUtils.m */,
			);
			path = ClassCategories;
			sourceTree = "<group>";
		};
		233F29BF19EE35F400FDD174 = {
			isa = PBXGroup;
			children = (
				233F29CA19EE35F400FDD174 /* iOS8-Rendering-Bug */,
				233F29E419EE35F400FDD174 /* iOS8-Rendering-BugTests */,
				233F29C919EE35F400FDD174 /* Products */,
			);
			sourceTree = "<group>";
		};
		233F29C919EE35F400FDD174 /* Products */ = {
			isa = PBXGroup;
			children = (
				233F29C819EE35F400FDD174 /* iOS8-Rendering-Bug.app */,
				233F29E119EE35F400FDD174 /* iOS8-Rendering-BugTests.xctest */,
			);
			name = Products;
			sourceTree = "<group>";
		};
		233F29CA19EE35F400FDD174 /* iOS8-Rendering-Bug */ = {
			isa = PBXGroup;
			children = (
				233F29F119EE361900FDD174 /* Classes */,
				233F29F819EE361900FDD174 /* Resources */,
				233F29CB19EE35F400FDD174 /* Supporting Files */,
			);
			path = "iOS8-Rendering-Bug";
			sourceTree = "<group>";
		};
		233F29CB19EE35F400FDD174 /* Supporting Files */ = {
			isa = PBXGroup;
			children = (
				233F29CC19EE35F400FDD174 /* Info.plist */,
				233F29CD19EE35F400FDD174 /* main.m */,
			);
			name = "Supporting Files";
			sourceTree = "<group>";
		};
		233F29E419EE35F400FDD174 /* iOS8-Rendering-BugTests */ = {
			isa = PBXGroup;
			children = (
				233F29E719EE35F400FDD174 /* iOS8_Rendering_BugTests.m */,
				233F29E519EE35F400FDD174 /* Supporting Files */,
			);
			path = "iOS8-Rendering-BugTests";
			sourceTree = "<group>";
		};
		233F29E519EE35F400FDD174 /* Supporting Files */ = {
			isa = PBXGroup;
			children = (
				233F29E619EE35F400FDD174 /* Info.plist */,
			);
			name = "Supporting Files";
			sourceTree = "<group>";
		};
		233F29F119EE361900FDD174 /* Classes */ = {
			isa = PBXGroup;
			children = (
				233F29F219EE361900FDD174 /* AppDelegate */,
				233F29F519EE361900FDD174 /* ViewControllers */,
				230FD20019EE3FAD0091BE83 /* ClassCategories */,
			);
			path = Classes;
			sourceTree = "<group>";
		};
		233F29F219EE361900FDD174 /* AppDelegate */ = {
			isa = PBXGroup;
			children = (
				233F29F319EE361900FDD174 /* ERBAppDelegate.h */,
				233F29F419EE361900FDD174 /* ERBAppDelegate.m */,
			);
			path = AppDelegate;
			sourceTree = "<group>";
		};
		233F29F519EE361900FDD174 /* ViewControllers */ = {
			isa = PBXGroup;
			children = (
				233F2A0319EE36BB00FDD174 /* ERBNavigationController.h */,
				233F2A0419EE36BB00FDD174 /* ERBNavigationController.m */,
				233F29F619EE361900FDD174 /* ERBViewController.h */,
				233F29F719EE361900FDD174 /* ERBViewController.m */,
			);
			path = ViewControllers;
			sourceTree = "<group>";
		};
		233F29F819EE361900FDD174 /* Resources */ = {
			isa = PBXGroup;
			children = (
				233F29FB19EE361900FDD174 /* Main.storyboard */,
				233F29FD19EE361900FDD174 /* Images.xcassets */,
			);
			path = Resources;
			sourceTree = "<group>";
		};
/* End PBXGroup section */

/* Begin PBXNativeTarget section */
		233F29C719EE35F400FDD174 /* iOS8-Rendering-Bug */ = {
			isa = PBXNativeTarget;
			buildConfigurationList = 233F29EB19EE35F400FDD174 /* Build configuration list for PBXNativeTarget "iOS8-Rendering-Bug" */;
			buildPhases = (
				233F29C419EE35F400FDD174 /* Sources */,
				233F29C519EE35F400FDD174 /* Frameworks */,
				233F29C619EE35F400FDD174 /* Resources */,
			);
			buildRules = (
			);
			dependencies = (
			);
			name = "iOS8-Rendering-Bug";
			productName = "iOS8-Rendering-Bug";
			productReference = 233F29C819EE35F400FDD174 /* iOS8-Rendering-Bug.app */;
			productType = "com.apple.product-type.application";
		};
		233F29E019EE35F400FDD174 /* iOS8-Rendering-BugTests */ = {
			isa = PBXNativeTarget;
			buildConfigurationList = 233F29EE19EE35F400FDD174 /* Build configuration list for PBXNativeTarget "iOS8-Rendering-BugTests" */;
			buildPhases = (
				233F29DD19EE35F400FDD174 /* Sources */,
				233F29DE19EE35F400FDD174 /* Frameworks */,
				233F29DF19EE35F400FDD174 /* Resources */,
			);
			buildRules = (
			);
			dependencies = (
				233F29E319EE35F400FDD174 /* PBXTargetDependency */,
			);
			name = "iOS8-Rendering-BugTests";
			productName = "iOS8-Rendering-BugTests";
			productReference = 233F29E119EE35F400FDD174 /* iOS8-Rendering-BugTests.xctest */;
			productType = "com.apple.product-type.bundle.unit-test";
		};
/* End PBXNativeTarget section */

/* Begin PBXProject section */
		233F29C019EE35F400FDD174 /* Project object */ = {
			isa = PBXProject;
			attributes = {
				LastUpgradeCheck = 0610;
				ORGANIZATIONNAME = yourcompany.com;
				TargetAttributes = {
					233F29C719EE35F400FDD174 = {
						CreatedOnToolsVersion = 6.1;
						DevelopmentTeam = 4P438KL9Q8;
					};
					233F29E019EE35F400FDD174 = {
						CreatedOnToolsVersion = 6.1;
						TestTargetID = 233F29C719EE35F400FDD174;
					};
				};
			};
			buildConfigurationList = 233F29C319EE35F400FDD174 /* Build configuration list for PBXProject "iOS8-Rendering-Bug" */;
			compatibilityVersion = "Xcode 3.2";
			developmentRegion = English;
			hasScannedForEncodings = 0;
			knownRegions = (
				en,
				Base,
			);
			mainGroup = 233F29BF19EE35F400FDD174;
			productRefGroup = 233F29C919EE35F400FDD174 /* Products */;
			projectDirPath = "";
			projectRoot = "";
			targets = (
				233F29C719EE35F400FDD174 /* iOS8-Rendering-Bug */,
				233F29E019EE35F400FDD174 /* iOS8-Rendering-BugTests */,
			);
		};
/* End PBXProject section */

/* Begin PBXResourcesBuildPhase section */
		233F29C619EE35F400FDD174 /* Resources */ = {
			isa = PBXResourcesBuildPhase;
			buildActionMask = 2147483647;
			files = (
				233F2A0119EE361900FDD174 /* Main.storyboard in Resources */,
				233F2A0219EE361900FDD174 /* Images.xcassets in Resources */,
			);
			runOnlyForDeploymentPostprocessing = 0;
		};
		233F29DF19EE35F400FDD174 /* Resources */ = {
			isa = PBXResourcesBuildPhase;
			buildActionMask = 2147483647;
			files = (
			);
			runOnlyForDeploymentPostprocessing = 0;
		};
/* End PBXResourcesBuildPhase section */

/* Begin PBXSourcesBuildPhase section */
		233F29C419EE35F400FDD174 /* Sources */ = {
			isa = PBXSourcesBuildPhase;
			buildActionMask = 2147483647;
			files = (
				233F29FE19EE361900FDD174 /* ERBAppDelegate.m in Sources */,
				233F2A0519EE36BB00FDD174 /* ERBNavigationController.m in Sources */,
				230FD20319EE3FAD0091BE83 /* UIView+ERBUtils.m in Sources */,
				233F29CE19EE35F400FDD174 /* main.m in Sources */,
				233F29FF19EE361900FDD174 /* ERBViewController.m in Sources */,
			);
			runOnlyForDeploymentPostprocessing = 0;
		};
		233F29DD19EE35F400FDD174 /* Sources */ = {
			isa = PBXSourcesBuildPhase;
			buildActionMask = 2147483647;
			files = (
				233F29E819EE35F400FDD174 /* iOS8_Rendering_BugTests.m in Sources */,
			);
			runOnlyForDeploymentPostprocessing = 0;
		};
/* End PBXSourcesBuildPhase section */

/* Begin PBXTargetDependency section */
		233F29E319EE35F400FDD174 /* PBXTargetDependency */ = {
			isa = PBXTargetDependency;
			target = 233F29C719EE35F400FDD174 /* iOS8-Rendering-Bug */;
			targetProxy = 233F29E219EE35F400FDD174 /* PBXContainerItemProxy */;
		};
/* End PBXTargetDependency section */

/* Begin PBXVariantGroup section */
		233F29FB19EE361900FDD174 /* Main.storyboard */ = {
			isa = PBXVariantGroup;
			children = (
				233F29FC19EE361900FDD174 /* Base */,
			);
			name = Main.storyboard;
			sourceTree = "<group>";
		};
/* End PBXVariantGroup section */

/* Begin XCBuildConfiguration section */
		233F29E919EE35F400FDD174 /* Debug */ = {
			isa = XCBuildConfiguration;
			buildSettings = {
				ALWAYS_SEARCH_USER_PATHS = NO;
				CLANG_CXX_LANGUAGE_STANDARD = "gnu++0x";
				CLANG_CXX_LIBRARY = "libc++";
				CLANG_ENABLE_MODULES = YES;
				CLANG_ENABLE_OBJC_ARC = YES;
				CLANG_WARN_BOOL_CONVERSION = YES;
				CLANG_WARN_CONSTANT_CONVERSION = YES;
				CLANG_WARN_DIRECT_OBJC_ISA_USAGE = YES_ERROR;
				CLANG_WARN_EMPTY_BODY = YES;
				CLANG_WARN_ENUM_CONVERSION = YES;
				CLANG_WARN_INT_CONVERSION = YES;
				CLANG_WARN_OBJC_ROOT_CLASS = YES_ERROR;
				CLANG_WARN_UNREACHABLE_CODE = YES;
				CLANG_WARN__DUPLICATE_METHOD_MATCH = YES;
				"CODE_SIGN_IDENTITY[sdk=iphoneos*]" = "iPhone Developer";
				COPY_PHASE_STRIP = NO;
				ENABLE_STRICT_OBJC_MSGSEND = YES;
				GCC_C_LANGUAGE_STANDARD = gnu99;
				GCC_DYNAMIC_NO_PIC = NO;
				GCC_OPTIMIZATION_LEVEL = 0;
				GCC_PREPROCESSOR_DEFINITIONS = (
					"DEBUG=1",
					"$(inherited)",
				);
				GCC_SYMBOLS_PRIVATE_EXTERN = NO;
				GCC_WARN_64_TO_32_BIT_CONVERSION = YES;
				GCC_WARN_ABOUT_RETURN_TYPE = YES_ERROR;
				GCC_WARN_UNDECLARED_SELECTOR = YES;
				GCC_WARN_UNINITIALIZED_AUTOS = YES_AGGRESSIVE;
				GCC_WARN_UNUSED_FUNCTION = YES;
				GCC_WARN_UNUSED_VARIABLE = YES;
				IPHONEOS_DEPLOYMENT_TARGET = 8.1;
				MTL_ENABLE_DEBUG_INFO = YES;
				ONLY_ACTIVE_ARCH = YES;
				SDKROOT = iphoneos;
			};
			name = Debug;
		};
		233F29EA19EE35F400FDD174 /* Release */ = {
			isa = XCBuildConfiguration;
			buildSettings = {
				ALWAYS_SEARCH_USER_PATHS = NO;
				CLANG_CXX_LANGUAGE_STANDARD = "gnu++0x";
				CLANG_CXX_LIBRARY = "libc++";
				CLANG_ENABLE_MODULES = YES;
				CLANG_ENABLE_OBJC_ARC = YES;
				CLANG_WARN_BOOL_CONVERSION = YES;
				CLANG_WARN_CONSTANT_CONVERSION = YES;
				CLANG_WARN_DIRECT_OBJC_ISA_USAGE = YES_ERROR;
				CLANG_WARN_EMPTY_BODY = YES;
				CLANG_WARN_ENUM_CONVERSION = YES;
				CLANG_WARN_INT_CONVERSION = YES;
				CLANG_WARN_OBJC_ROOT_CLASS = YES_ERROR;
				CLANG_WARN_UNREACHABLE_CODE = YES;
				CLANG_WARN__DUPLICATE_METHOD_MATCH = YES;
				"CODE_SIGN_IDENTITY[sdk=iphoneos*]" = "iPhone Developer";
				COPY_PHASE_STRIP = YES;
				ENABLE_NS_ASSERTIONS = NO;
				ENABLE_STRICT_OBJC_MSGSEND = YES;
				GCC_C_LANGUAGE_STANDARD = gnu99;
				GCC_WARN_64_TO_32_BIT_CONVERSION = YES;
				GCC_WARN_ABOUT_RETURN_TYPE = YES_ERROR;
				GCC_WARN_UNDECLARED_SELECTOR = YES;
				GCC_WARN_UNINITIALIZED_AUTOS = YES_AGGRESSIVE;
				GCC_WARN_UNUSED_FUNCTION = YES;
				GCC_WARN_UNUSED_VARIABLE = YES;
				IPHONEOS_DEPLOYMENT_TARGET = 8.1;
				MTL_ENABLE_DEBUG_INFO = NO;
				SDKROOT = iphoneos;
				VALIDATE_PRODUCT = YES;
			};
			name = Release;
		};
		233F29EC19EE35F400FDD174 /* Debug */ = {
			isa = XCBuildConfiguration;
			buildSettings = {
				ASSETCATALOG_COMPILER_APPICON_NAME = AppIcon;
				ASSETCATALOG_COMPILER_LAUNCHIMAGE_NAME = LaunchImage;
				CODE_SIGN_IDENTITY = "iPhone Developer";
				INFOPLIST_FILE = "iOS8-Rendering-Bug/Info.plist";
				IPHONEOS_DEPLOYMENT_TARGET = 8.0;
				LD_RUNPATH_SEARCH_PATHS = "$(inherited) @executable_path/Frameworks";
				PRODUCT_NAME = "$(TARGET_NAME)";
				PROVISIONING_PROFILE = "71dd64a3-927d-4a33-921c-5090cae12962";
			};
			name = Debug;
		};
		233F29ED19EE35F400FDD174 /* Release */ = {
			isa = XCBuildConfiguration;
			buildSettings = {
				ASSETCATALOG_COMPILER_APPICON_NAME = AppIcon;
				ASSETCATALOG_COMPILER_LAUNCHIMAGE_NAME = LaunchImage;
				CODE_SIGN_IDENTITY = "iPhone Developer";
				INFOPLIST_FILE = "iOS8-Rendering-Bug/Info.plist";
				IPHONEOS_DEPLOYMENT_TARGET = 8.0;
				LD_RUNPATH_SEARCH_PATHS = "$(inherited) @executable_path/Frameworks";
				PRODUCT_NAME = "$(TARGET_NAME)";
				PROVISIONING_PROFILE = "71dd64a3-927d-4a33-921c-5090cae12962";
			};
			name = Release;
		};
		233F29EF19EE35F400FDD174 /* Debug */ = {
			isa = XCBuildConfiguration;
			buildSettings = {
				BUNDLE_LOADER = "$(TEST_HOST)";
				FRAMEWORK_SEARCH_PATHS = (
					"$(SDKROOT)/Developer/Library/Frameworks",
					"$(inherited)",
				);
				GCC_PREPROCESSOR_DEFINITIONS = (
					"DEBUG=1",
					"$(inherited)",
				);
				INFOPLIST_FILE = "iOS8-Rendering-BugTests/Info.plist";
				LD_RUNPATH_SEARCH_PATHS = "$(inherited) @executable_path/Frameworks @loader_path/Frameworks";
				PRODUCT_NAME = "$(TARGET_NAME)";
				TEST_HOST = "$(BUILT_PRODUCTS_DIR)/iOS8-Rendering-Bug.app/iOS8-Rendering-Bug";
			};
			name = Debug;
		};
		233F29F019EE35F400FDD174 /* Release */ = {
			isa = XCBuildConfiguration;
			buildSettings = {
				BUNDLE_LOADER = "$(TEST_HOST)";
				FRAMEWORK_SEARCH_PATHS = (
					"$(SDKROOT)/Developer/Library/Frameworks",
					"$(inherited)",
				);
				INFOPLIST_FILE = "iOS8-Rendering-BugTests/Info.plist";
				LD_RUNPATH_SEARCH_PATHS = "$(inherited) @executable_path/Frameworks @loader_path/Frameworks";
				PRODUCT_NAME = "$(TARGET_NAME)";
				TEST_HOST = "$(BUILT_PRODUCTS_DIR)/iOS8-Rendering-Bug.app/iOS8-Rendering-Bug";
			};
			name = Release;
		};
/* End XCBuildConfiguration section */

/* Begin XCConfigurationList section */
		233F29C319EE35F400FDD174 /* Build configuration list for PBXProject "iOS8-Rendering-Bug" */ = {
			isa = XCConfigurationList;
			buildConfigurations = (
				233F29E919EE35F400FDD174 /* Debug */,
				233F29EA19EE35F400FDD174 /* Release */,
			);
			defaultConfigurationIsVisible = 0;
			defaultConfigurationName = Release;
		};
		233F29EB19EE35F400FDD174 /* Build configuration list for PBXNativeTarget "iOS8-Rendering-Bug" */ = {
			isa = XCConfigurationList;
			buildConfigurations = (
				233F29EC19EE35F400FDD174 /* Debug */,
				233F29ED19EE35F400FDD174 /* Release */,
			);
			defaultConfigurationIsVisible = 0;
			defaultConfigurationName = Release;
		};
		233F29EE19EE35F400FDD174 /* Build configuration list for PBXNativeTarget "iOS8-Rendering-BugTests" */ = {
			isa = XCConfigurationList;
			buildConfigurations = (
				233F29EF19EE35F400FDD174 /* Debug */,
				233F29F019EE35F400FDD174 /* Release */,
			);
			defaultConfigurationIsVisible = 0;
			defaultConfigurationName = Release;
		};
/* End XCConfigurationList section */
	};
	rootObject = 233F29C019EE35F400FDD174 /* Project object */;
}
